
Microsoft Visual Studio Solution File, Format Version 12.00
# Visual Studio Version 17
VisualStudioVersion = 17.7.34031.279
MinimumVisualStudioVersion = 10.0.40219.1
Project("{9A19103F-16F7-4668-BE54-9A1E7A4F7556}") = "SubCipher", "SubCipher.csproj", "{3E1A1424-CADF-482F-A55C-0DF3DCA25353}"
EndProject
Global
	GlobalSection(SolutionConfigurationPlatforms) = preSolution
		Debug|Any CPU = Debug|Any CPU
		Release|Any CPU = Release|Any CPU
	EndGlobalSection
	GlobalSection(ProjectConfigurationPlatforms) = postSolution
		{3E1A1424-CADF-482F-A55C-0DF3DCA25353}.Debug|Any CPU.ActiveCfg = Debug|Any CPU
		{3E1A1424-CADF-482F-A55C-0DF3DCA25353}.Debug|Any CPU.Build.0 = Debug|Any CPU
		{3E1A1424-CADF-482F-A55C-0DF3DCA25353}.Release|Any CPU.ActiveCfg = Release|Any CPU
		{3E1A1424-CADF-482F-A55C-0DF3DCA25353}.Release|Any CPU.Build.0 = Release|Any CPU
	EndGlobalSection
	GlobalSection(SolutionProperties) = preSolution
		HideSolutionNode = FALSE
	EndGlobalSection
	GlobalSection(ExtensibilityGlobals) = postSolution
		SolutionGuid = {7B19E496-8C62-4972-85A2-8BE210BEBAD8}
	EndGlobalSection
EndGlobal
